
Microsoft Visual Studio Solution File, Format Version 12.00
# Visual Studio Version 16
VisualStudioVersion = 16.0.30225.117
MinimumVisualStudioVersion = 10.0.40219.1
Project("{9A19103F-16F7-4668-BE54-9A1E7A4F7556}") = "PDF101", "PDF101\PDF101.csproj", "{A4F08F5D-B284-48F5-B169-D8CAF8AB339C}"
EndProject
Project("{9A19103F-16F7-4668-BE54-9A1E7A4F7556}") = "DocumentLib", "PDFLib\DocumentLib.csproj", "{0A295593-1AEC-411F-85AF-65A431DC9185}"
EndProject
Global
	GlobalSection(SolutionConfigurationPlatforms) = preSolution
		Debug|Any CPU = Debug|Any CPU
		Release|Any CPU = Release|Any CPU
	EndGlobalSection
	GlobalSection(ProjectConfigurationPlatforms) = postSolution
		{A4F08F5D-B284-48F5-B169-D8CAF8AB339C}.Debug|Any CPU.ActiveCfg = Debug|Any CPU
		{A4F08F5D-B284-48F5-B169-D8CAF8AB339C}.Debug|Any CPU.Build.0 = Debug|Any CPU
		{A4F08F5D-B284-48F5-B169-D8CAF8AB339C}.Release|Any CPU.ActiveCfg = Release|Any CPU
		{A4F08F5D-B284-48F5-B169-D8CAF8AB339C}.Release|Any CPU.Build.0 = Release|Any CPU
		{0A295593-1AEC-411F-85AF-65A431DC9185}.Debug|Any CPU.ActiveCfg = Debug|Any CPU
		{0A295593-1AEC-411F-85AF-65A431DC9185}.Debug|Any CPU.Build.0 = Debug|Any CPU
		{0A295593-1AEC-411F-85AF-65A431DC9185}.Release|Any CPU.ActiveCfg = Release|Any CPU
		{0A295593-1AEC-411F-85AF-65A431DC9185}.Release|Any CPU.Build.0 = Release|Any CPU
	EndGlobalSection
	GlobalSection(SolutionProperties) = preSolution
		HideSolutionNode = FALSE
	EndGlobalSection
	GlobalSection(ExtensibilityGlobals) = postSolution
		SolutionGuid = {C661637A-8522-48B4-98B1-6C178B4FDA4C}
	EndGlobalSection
EndGlobal
